
Microsoft Visual Studio Solution File, Format Version 12.00
# Visual Studio Version 17
VisualStudioVersion = 17.9.34616.47
MinimumVisualStudioVersion = 10.0.40219.1
Project("{9A19103F-16F7-4668-BE54-9A1E7A4F7556}") = "Opgave 1 - Class Library og Unit Test", "Opgave 1 - Class Library og Unit Test\Opgave 1 - Class Library og Unit Test.csproj", "{9443FEE1-805B-41F6-8046-CA6CDE343CB6}"
EndProject
Project("{FAE04EC0-301F-11D3-BF4B-00C04F79EFBC}") = "Opgave 1 - Class Library og Unit TestTests", "Opgave 1 - Class Library og Unit TestTests\Opgave 1 - Class Library og Unit TestTests.csproj", "{3324871E-913F-462B-A896-21EF2EB250B0}"
EndProject
Global
	GlobalSection(SolutionConfigurationPlatforms) = preSolution
		Debug|Any CPU = Debug|Any CPU
		Release|Any CPU = Release|Any CPU
	EndGlobalSection
	GlobalSection(ProjectConfigurationPlatforms) = postSolution
		{9443FEE1-805B-41F6-8046-CA6CDE343CB6}.Debug|Any CPU.ActiveCfg = Debug|Any CPU
		{9443FEE1-805B-41F6-8046-CA6CDE343CB6}.Debug|Any CPU.Build.0 = Debug|Any CPU
		{9443FEE1-805B-41F6-8046-CA6CDE343CB6}.Release|Any CPU.ActiveCfg = Release|Any CPU
		{9443FEE1-805B-41F6-8046-CA6CDE343CB6}.Release|Any CPU.Build.0 = Release|Any CPU
		{3324871E-913F-462B-A896-21EF2EB250B0}.Debug|Any CPU.ActiveCfg = Debug|Any CPU
		{3324871E-913F-462B-A896-21EF2EB250B0}.Debug|Any CPU.Build.0 = Debug|Any CPU
		{3324871E-913F-462B-A896-21EF2EB250B0}.Release|Any CPU.ActiveCfg = Release|Any CPU
		{3324871E-913F-462B-A896-21EF2EB250B0}.Release|Any CPU.Build.0 = Release|Any CPU
	EndGlobalSection
	GlobalSection(SolutionProperties) = preSolution
		HideSolutionNode = FALSE
	EndGlobalSection
	GlobalSection(ExtensibilityGlobals) = postSolution
		SolutionGuid = {D6A3C35D-E9A0-4AB1-8BAA-4A2310186665}
	EndGlobalSection
EndGlobal
